
Microsoft Visual Studio Solution File, Format Version 12.00
# Visual Studio Version 17
VisualStudioVersion = 17.5.33502.453
MinimumVisualStudioVersion = 10.0.40219.1
Project("{FAE04EC0-301F-11D3-BF4B-00C04F79EFBC}") = "SlideEvents", "SlideEvents.csproj", "{96A45E54-1B75-4DB0-B212-727F9F8C25DD}"
EndProject
Global
	GlobalSection(SolutionConfigurationPlatforms) = preSolution
		Debug|Any CPU = Debug|Any CPU
		Release|Any CPU = Release|Any CPU
	EndGlobalSection
	GlobalSection(ProjectConfigurationPlatforms) = postSolution
		{96A45E54-1B75-4DB0-B212-727F9F8C25DD}.Debug|Any CPU.ActiveCfg = Debug|Any CPU
		{96A45E54-1B75-4DB0-B212-727F9F8C25DD}.Debug|Any CPU.Build.0 = Debug|Any CPU
		{96A45E54-1B75-4DB0-B212-727F9F8C25DD}.Release|Any CPU.ActiveCfg = Release|Any CPU
		{96A45E54-1B75-4DB0-B212-727F9F8C25DD}.Release|Any CPU.Build.0 = Release|Any CPU
	EndGlobalSection
	GlobalSection(SolutionProperties) = preSolution
		HideSolutionNode = FALSE
	EndGlobalSection
	GlobalSection(ExtensibilityGlobals) = postSolution
		SolutionGuid = {7AEFA454-80B6-4FF3-81E0-52ABE0B04D99}
	EndGlobalSection
EndGlobal
